
Microsoft Visual Studio Solution File, Format Version 12.00
# Visual Studio Version 16
VisualStudioVersion = 16.0.32106.194
MinimumVisualStudioVersion = 10.0.40219.1
Project("{9A19103F-16F7-4668-BE54-9A1E7A4F7556}") = "WebServer", "WebServer.csproj", "{5D74E719-19B7-4A88-B6B3-B51D38C730EC}"
EndProject
Project("{9A19103F-16F7-4668-BE54-9A1E7A4F7556}") = "WebServerTests", "..\WebServerTests\WebServerTests.csproj", "{8A622892-3222-476F-BDF4-64159BEC0B8E}"
EndProject
Global
	GlobalSection(SolutionConfigurationPlatforms) = preSolution
		Debug|Any CPU = Debug|Any CPU
		Release|Any CPU = Release|Any CPU
	EndGlobalSection
	GlobalSection(ProjectConfigurationPlatforms) = postSolution
		{5D74E719-19B7-4A88-B6B3-B51D38C730EC}.Debug|Any CPU.ActiveCfg = Debug|Any CPU
		{5D74E719-19B7-4A88-B6B3-B51D38C730EC}.Debug|Any CPU.Build.0 = Debug|Any CPU
		{5D74E719-19B7-4A88-B6B3-B51D38C730EC}.Release|Any CPU.ActiveCfg = Release|Any CPU
		{5D74E719-19B7-4A88-B6B3-B51D38C730EC}.Release|Any CPU.Build.0 = Release|Any CPU
		{8A622892-3222-476F-BDF4-64159BEC0B8E}.Debug|Any CPU.ActiveCfg = Debug|Any CPU
		{8A622892-3222-476F-BDF4-64159BEC0B8E}.Debug|Any CPU.Build.0 = Debug|Any CPU
		{8A622892-3222-476F-BDF4-64159BEC0B8E}.Release|Any CPU.ActiveCfg = Release|Any CPU
		{8A622892-3222-476F-BDF4-64159BEC0B8E}.Release|Any CPU.Build.0 = Release|Any CPU
	EndGlobalSection
	GlobalSection(SolutionProperties) = preSolution
		HideSolutionNode = FALSE
	EndGlobalSection
	GlobalSection(ExtensibilityGlobals) = postSolution
		SolutionGuid = {907F7922-B5C8-4839-AC2B-B65862292C04}
	EndGlobalSection
EndGlobal
